// !$*UTF8*$!
{
	archiveVersion = 1;
	classes = {
	};
	objectVersion = 50;
	objects = {

/* Begin PBXBuildFile section */
		9B0D363A219DA8FC003A9F45 /* AppDelegate.swift in Sources */ = {isa = PBXBuildFile; fileRef = 9B0D3639219DA8FC003A9F45 /* AppDelegate.swift */; };
		9B0D363C219DA8FC003A9F45 /* ViewController.swift in Sources */ = {isa = PBXBuildFile; fileRef = 9B0D363B219DA8FC003A9F45 /* ViewController.swift */; };
		9B0D363F219DA8FC003A9F45 /* Main.storyboard in Resources */ = {isa = PBXBuildFile; fileRef = 9B0D363D219DA8FC003A9F45 /* Main.storyboard */; };
		9B0D3642219DA8FC003A9F45 /* Midterm_4114.xcdatamodeld in Sources */ = {isa = PBXBuildFile; fileRef = 9B0D3640219DA8FC003A9F45 /* Midterm_4114.xcdatamodeld */; };
		9B0D3644219DA90A003A9F45 /* Assets.xcassets in Resources */ = {isa = PBXBuildFile; fileRef = 9B0D3643219DA90A003A9F45 /* Assets.xcassets */; };
		9B0D3647219DA90A003A9F45 /* LaunchScreen.storyboard in Resources */ = {isa = PBXBuildFile; fileRef = 9B0D3645219DA90A003A9F45 /* LaunchScreen.storyboard */; };
/* End PBXBuildFile section */

/* Begin PBXFileReference section */
		9B0D3636219DA8FC003A9F45 /* Midterm_4114.app */ = {isa = PBXFileReference; explicitFileType = wrapper.application; includeInIndex = 0; path = Midterm_4114.app; sourceTree = BUILT_PRODUCTS_DIR; };
		9B0D3639219DA8FC003A9F45 /* AppDelegate.swift */ = {isa = PBXFileReference; lastKnownFileType = sourcecode.swift; path = AppDelegate.swift; sourceTree = "<group>"; };
		9B0D363B219DA8FC003A9F45 /* ViewController.swift */ = {isa = PBXFileReference; lastKnownFileType = sourcecode.swift; path = ViewController.swift; sourceTree = "<group>"; };
		9B0D363E219DA8FC003A9F45 /* Base */ = {isa = PBXFileReference; lastKnownFileType = file.storyboard; name = Base; path = Base.lproj/Main.storyboard; sourceTree = "<group>"; };
		9B0D3641219DA8FC003A9F45 /* Midterm_4114.xcdatamodel */ = {isa = PBXFileReference; lastKnownFileType = wrapper.xcdatamodel; path = Midterm_4114.xcdatamodel; sourceTree = "<group>"; };
		9B0D3643219DA90A003A9F45 /* Assets.xcassets */ = {isa = PBXFileReference; lastKnownFileType = folder.assetcatalog; path = Assets.xcassets; sourceTree = "<group>"; };
		9B0D3646219DA90A003A9F45 /* Base */ = {isa = PBXFileReference; lastKnownFileType = file.storyboard; name = Base; path = Base.lproj/LaunchScreen.storyboard; sourceTree = "<group>"; };
		9B0D3648219DA90A003A9F45 /* Info.plist */ = {isa = PBXFileReference; lastKnownFileType = text.plist.xml; path = Info.plist; sourceTree = "<group>"; };
/* End PBXFileReference section */

/* Begin PBXFrameworksBuildPhase section */
		9B0D3633219DA8FC003A9F45 /* Frameworks */ = {
			isa = PBXFrameworksBuildPhase;
			buildActionMask = 2147483647;
			files = (
			);
			runOnlyForDeploymentPostprocessing = 0;
		};
/* End PBXFrameworksBuildPhase section */

/* Begin PBXGroup section */
		9B0D362D219DA8FC003A9F45 = {
			isa = PBXGroup;
			children = (
				9B0D3638219DA8FC003A9F45 /* Midterm_4114 */,
				9B0D3637219DA8FC003A9F45 /* Products */,
			);
			sourceTree = "<group>";
		};
		9B0D3637219DA8FC003A9F45 /* Products */ = {
			isa = PBXGroup;
			children = (
				9B0D3636219DA8FC003A9F45 /* Midterm_4114.app */,
			);
			name = Products;
			sourceTree = "<group>";
		};
		9B0D3638219DA8FC003A9F45 /* Midterm_4114 */ = {
			isa = PBXGroup;
			children = (
				9B0D3639219DA8FC003A9F45 /* AppDelegate.swift */,
				9B0D363B219DA8FC003A9F45 /* ViewController.swift */,
				9B0D363D219DA8FC003A9F45 /* Main.storyboard */,
				9B0D3643219DA90A003A9F45 /* Assets.xcassets */,
				9B0D3645219DA90A003A9F45 /* LaunchScreen.storyboard */,
				9B0D3648219DA90A003A9F45 /* Info.plist */,
				9B0D3640219DA8FC003A9F45 /* Midterm_4114.xcdatamodeld */,
			);
			path = Midterm_4114;
			sourceTree = "<group>";
		};
/* End PBXGroup section */

/* Begin PBXNativeTarget section */
		9B0D3635219DA8FC003A9F45 /* Midterm_4114 */ = {
			isa = PBXNativeTarget;
			buildConfigurationList = 9B0D364B219DA90A003A9F45 /* Build configuration list for PBXNativeTarget "Midterm_4114" */;
			buildPhases = (
				9B0D3632219DA8FC003A9F45 /* Sources */,
				9B0D3633219DA8FC003A9F45 /* Frameworks */,
				9B0D3634219DA8FC003A9F45 /* Resources */,
			);
			buildRules = (
			);
			dependencies = (
			);
			name = Midterm_4114;
			productName = Midterm_4114;
			productReference = 9B0D3636219DA8FC003A9F45 /* Midterm_4114.app */;
			productType = "com.apple.product-type.application";
		};
/* End PBXNativeTarget section */

/* Begin PBXProject section */
		9B0D362E219DA8FC003A9F45 /* Project object */ = {
			isa = PBXProject;
			attributes = {
				LastSwiftUpdateCheck = 0940;
				LastUpgradeCheck = 0940;
				ORGANIZATIONNAME = MacStudent;
				TargetAttributes = {
					9B0D3635219DA8FC003A9F45 = {
						CreatedOnToolsVersion = 9.4.1;
					};
				};
			};
			buildConfigurationList = 9B0D3631219DA8FC003A9F45 /* Build configuration list for PBXProject "Midterm_4114" */;
			compatibilityVersion = "Xcode 9.3";
			developmentRegion = en;
			hasScannedForEncodings = 0;
			knownRegions = (
				en,
				Base,
			);
			mainGroup = 9B0D362D219DA8FC003A9F45;
			productRefGroup = 9B0D3637219DA8FC003A9F45 /* Products */;
			projectDirPath = "";
			projectRoot = "";
			targets = (
				9B0D3635219DA8FC003A9F45 /* Midterm_4114 */,
			);
		};
/* End PBXProject section */

/* Begin PBXResourcesBuildPhase section */
		9B0D3634219DA8FC003A9F45 /* Resources */ = {
			isa = PBXResourcesBuildPhase;
			buildActionMask = 2147483647;
			files = (
				9B0D3647219DA90A003A9F45 /* LaunchScreen.storyboard in Resources */,
				9B0D3644219DA90A003A9F45 /* Assets.xcassets in Resources */,
				9B0D363F219DA8FC003A9F45 /* Main.storyboard in Resources */,
			);
			runOnlyForDeploymentPostprocessing = 0;
		};
/* End PBXResourcesBuildPhase section */

/* Begin PBXSourcesBuildPhase section */
		9B0D3632219DA8FC003A9F45 /* Sources */ = {
			isa = PBXSourcesBuildPhase;
			buildActionMask = 2147483647;
			files = (
				9B0D3642219DA8FC003A9F45 /* Midterm_4114.xcdatamodeld in Sources */,
				9B0D363C219DA8FC003A9F45 /* ViewController.swift in Sources */,
				9B0D363A219DA8FC003A9F45 /* AppDelegate.swift in Sources */,
			);
			runOnlyForDeploymentPostprocessing = 0;
		};
/* End PBXSourcesBuildPhase section */

/* Begin PBXVariantGroup section */
		9B0D363D219DA8FC003A9F45 /* Main.storyboard */ = {
			isa = PBXVariantGroup;
			children = (
				9B0D363E219DA8FC003A9F45 /* Base */,
			);
			name = Main.storyboard;
			sourceTree = "<group>";
		};
		9B0D3645219DA90A003A9F45 /* LaunchScreen.storyboard */ = {
			isa = PBXVariantGroup;
			children = (
				9B0D3646219DA90A003A9F45 /* Base */,
			);
			name = LaunchScreen.storyboard;
			sourceTree = "<group>";
		};
/* End PBXVariantGroup section */

/* Begin XCBuildConfiguration section */
		9B0D3649219DA90A003A9F45 /* Debug */ = {
			isa = XCBuildConfiguration;
			buildSettings = {
				ALWAYS_SEARCH_USER_PATHS = NO;
				CLANG_ANALYZER_NONNULL = YES;
				CLANG_ANALYZER_NUMBER_OBJECT_CONVERSION = YES_AGGRESSIVE;
				CLANG_CXX_LANGUAGE_STANDARD = "gnu++14";
				CLANG_CXX_LIBRARY = "libc++";
				CLANG_ENABLE_MODULES = YES;
				CLANG_ENABLE_OBJC_ARC = YES;
				CLANG_ENABLE_OBJC_WEAK = YES;
				CLANG_WARN_BLOCK_CAPTURE_AUTORELEASING = YES;
				CLANG_WARN_BOOL_CONVERSION = YES;
				CLANG_WARN_COMMA = YES;
				CLANG_WARN_CONSTANT_CONVERSION = YES;
				CLANG_WARN_DEPRECATED_OBJC_IMPLEMENTATIONS = YES;
				CLANG_WARN_DIRECT_OBJC_ISA_USAGE = YES_ERROR;
				CLANG_WARN_DOCUMENTATION_COMMENTS = YES;
				CLANG_WARN_EMPTY_BODY = YES;
				CLANG_WARN_ENUM_CONVERSION = YES;
				CLANG_WARN_INFINITE_RECURSION = YES;
				CLANG_WARN_INT_CONVERSION = YES;
				CLANG_WARN_NON_LITERAL_NULL_CONVERSION = YES;
				CLANG_WARN_OBJC_IMPLICIT_RETAIN_SELF = YES;
				CLANG_WARN_OBJC_LITERAL_CONVERSION = YES;
				CLANG_WARN_OBJC_ROOT_CLASS = YES_ERROR;
				CLANG_WARN_RANGE_LOOP_ANALYSIS = YES;
				CLANG_WARN_STRICT_PROTOTYPES = YES;
				CLANG_WARN_SUSPICIOUS_MOVE = YES;
				CLANG_WARN_UNGUARDED_AVAILABILITY = YES_AGGRESSIVE;
				CLANG_WARN_UNREACHABLE_CODE = YES;
				CLANG_WARN__DUPLICATE_METHOD_MATCH = YES;
				CODE_SIGN_IDENTITY = "iPhone Developer";
				COPY_PHASE_STRIP = NO;
				DEBUG_INFORMATION_FORMAT = dwarf;
				ENABLE_STRICT_OBJC_MSGSEND = YES;
				ENABLE_TESTABILITY = YES;
				GCC_C_LANGUAGE_STANDARD = gnu11;
				GCC_DYNAMIC_NO_PIC = NO;
				GCC_NO_COMMON_BLOCKS = YES;
				GCC_OPTIMIZATION_LEVEL = 0;
				GCC_PREPROCESSOR_DEFINITIONS = (
					"DEBUG=1",
					"$(inherited)",
				);
				GCC_WARN_64_TO_32_BIT_CONVERSION = YES;
				GCC_WARN_ABOUT_RETURN_TYPE = YES_ERROR;
				GCC_WARN_UNDECLARED_SELECTOR = YES;
				GCC_WARN_UNINITIALIZED_AUTOS = YES_AGGRESSIVE;
				GCC_WARN_UNUSED_FUNCTION = YES;
				GCC_WARN_UNUSED_VARIABLE = YES;
				IPHONEOS_DEPLOYMENT_TARGET = 11.4;
				MTL_ENABLE_DEBUG_INFO = YES;
				ONLY_ACTIVE_ARCH = YES;
				SDKROOT = iphoneos;
				SWIFT_ACTIVE_COMPILATION_CONDITIONS = DEBUG;
				SWIFT_OPTIMIZATION_LEVEL = "-Onone";
			};
			name = Debug;
		};
		9B0D364A219DA90A003A9F45 /* Release */ = {
			isa = XCBuildConfiguration;
			buildSettings = {
				ALWAYS_SEARCH_USER_PATHS = NO;
				CLANG_ANALYZER_NONNULL = YES;
				CLANG_ANALYZER_NUMBER_OBJECT_CONVERSION = YES_AGGRESSIVE;
				CLANG_CXX_LANGUAGE_STANDARD = "gnu++14";
				CLANG_CXX_LIBRARY = "libc++";
				CLANG_ENABLE_MODULES = YES;
				CLANG_ENABLE_OBJC_ARC = YES;
				CLANG_ENABLE_OBJC_WEAK = YES;
				CLANG_WARN_BLOCK_CAPTURE_AUTORELEASING = YES;
				CLANG_WARN_BOOL_CONVERSION = YES;
				CLANG_WARN_COMMA = YES;
				CLANG_WARN_CONSTANT_CONVERSION = YES;
				CLANG_WARN_DEPRECATED_OBJC_IMPLEMENTATIONS = YES;
				CLANG_WARN_DIRECT_OBJC_ISA_USAGE = YES_ERROR;
				CLANG_WARN_DOCUMENTATION_COMMENTS = YES;
				CLANG_WARN_EMPTY_BODY = YES;
				CLANG_WARN_ENUM_CONVERSION = YES;
				CLANG_WARN_INFINITE_RECURSION = YES;
				CLANG_WARN_INT_CONVERSION = YES;
				CLANG_WARN_NON_LITERAL_NULL_CONVERSION = YES;
				CLANG_WARN_OBJC_IMPLICIT_RETAIN_SELF = YES;
				CLANG_WARN_OBJC_LITERAL_CONVERSION = YES;
				CLANG_WARN_OBJC_ROOT_CLASS = YES_ERROR;
				CLANG_WARN_RANGE_LOOP_ANALYSIS = YES;
				CLANG_WARN_STRICT_PROTOTYPES = YES;
				CLANG_WARN_SUSPICIOUS_MOVE = YES;
				CLANG_WARN_UNGUARDED_AVAILABILITY = YES_AGGRESSIVE;
				CLANG_WARN_UNREACHABLE_CODE = YES;
				CLANG_WARN__DUPLICATE_METHOD_MATCH = YES;
				CODE_SIGN_IDENTITY = "iPhone Developer";
				COPY_PHASE_STRIP = NO;
				DEBUG_INFORMATION_FORMAT = "dwarf-with-dsym";
				ENABLE_NS_ASSERTIONS = NO;
				ENABLE_STRICT_OBJC_MSGSEND = YES;
				GCC_C_LANGUAGE_STANDARD = gnu11;
				GCC_NO_COMMON_BLOCKS = YES;
				GCC_WARN_64_TO_32_BIT_CONVERSION = YES;
				GCC_WARN_ABOUT_RETURN_TYPE = YES_ERROR;
				GCC_WARN_UNDECLARED_SELECTOR = YES;
				GCC_WARN_UNINITIALIZED_AUTOS = YES_AGGRESSIVE;
				GCC_WARN_UNUSED_FUNCTION = YES;
				GCC_WARN_UNUSED_VARIABLE = YES;
				IPHONEOS_DEPLOYMENT_TARGET = 11.4;
				MTL_ENABLE_DEBUG_INFO = NO;
				SDKROOT = iphoneos;
				SWIFT_COMPILATION_MODE = wholemodule;
				SWIFT_OPTIMIZATION_LEVEL = "-O";
				VALIDATE_PRODUCT = YES;
			};
			name = Release;
		};
		9B0D364C219DA90A003A9F45 /* Debug */ = {
			isa = XCBuildConfiguration;
			buildSettings = {
				ASSETCATALOG_COMPILER_APPICON_NAME = AppIcon;
				CODE_SIGN_STYLE = Automatic;
				INFOPLIST_FILE = Midterm_4114/Info.plist;
				LD_RUNPATH_SEARCH_PATHS = (
					"$(inherited)",
					"@executable_path/Frameworks",
				);
				PRODUCT_BUNDLE_IDENTIFIER = "CestarCollege.Midterm-4114";
				PRODUCT_NAME = "$(TARGET_NAME)";
				SWIFT_VERSION = 4.0;
				TARGETED_DEVICE_FAMILY = "1,2";
			};
			name = Debug;
		};
		9B0D364D219DA90A003A9F45 /* Release */ = {
			isa = XCBuildConfiguration;
			buildSettings = {
				ASSETCATALOG_COMPILER_APPICON_NAME = AppIcon;
				CODE_SIGN_STYLE = Automatic;
				INFOPLIST_FILE = Midterm_4114/Info.plist;
				LD_RUNPATH_SEARCH_PATHS = (
					"$(inherited)",
					"@executable_path/Frameworks",
				);
				PRODUCT_BUNDLE_IDENTIFIER = "CestarCollege.Midterm-4114";
				PRODUCT_NAME = "$(TARGET_NAME)";
				SWIFT_VERSION = 4.0;
				TARGETED_DEVICE_FAMILY = "1,2";
			};
			name = Release;
		};
/* End XCBuildConfiguration section */

/* Begin XCConfigurationList section */
		9B0D3631219DA8FC003A9F45 /* Build configuration list for PBXProject "Midterm_4114" */ = {
			isa = XCConfigurationList;
			buildConfigurations = (
				9B0D3649219DA90A003A9F45 /* Debug */,
				9B0D364A219DA90A003A9F45 /* Release */,
			);
			defaultConfigurationIsVisible = 0;
			defaultConfigurationName = Release;
		};
		9B0D364B219DA90A003A9F45 /* Build configuration list for PBXNativeTarget "Midterm_4114" */ = {
			isa = XCConfigurationList;
			buildConfigurations = (
				9B0D364C219DA90A003A9F45 /* Debug */,
				9B0D364D219DA90A003A9F45 /* Release */,
			);
			defaultConfigurationIsVisible = 0;
			defaultConfigurationName = Release;
		};
/* End XCConfigurationList section */

/* Begin XCVersionGroup section */
		9B0D3640219DA8FC003A9F45 /* Midterm_4114.xcdatamodeld */ = {
			isa = XCVersionGroup;
			children = (
				9B0D3641219DA8FC003A9F45 /* Midterm_4114.xcdatamodel */,
			);
			currentVersion = 9B0D3641219DA8FC003A9F45 /* Midterm_4114.xcdatamodel */;
			path = Midterm_4114.xcdatamodeld;
			sourceTree = "<group>";
			versionGroupType = wrapper.xcdatamodel;
		};
/* End XCVersionGroup section */
	};
	rootObject = 9B0D362E219DA8FC003A9F45 /* Project object */;
}
